// !$*UTF8*$!
{
	archiveVersion = 1;
	classes = {
	};
	objectVersion = 46;
	objects = {

/* Begin PBXBuildFile section */
		083138E51CA49B9D0050D6BC /* AppDelegate.swift in Sources */ = {isa = PBXBuildFile; fileRef = 083138E41CA49B9D0050D6BC /* AppDelegate.swift */; };
		083138E71CA49B9D0050D6BC /* ViewController.swift in Sources */ = {isa = PBXBuildFile; fileRef = 083138E61CA49B9D0050D6BC /* ViewController.swift */; };
		083138EA1CA49B9D0050D6BC /* Main.storyboard in Resources */ = {isa = PBXBuildFile; fileRef = 083138E81CA49B9D0050D6BC /* Main.storyboard */; };
		083138EC1CA49B9D0050D6BC /* Assets.xcassets in Resources */ = {isa = PBXBuildFile; fileRef = 083138EB1CA49B9D0050D6BC /* Assets.xcassets */; };
		083138EF1CA49B9D0050D6BC /* LaunchScreen.storyboard in Resources */ = {isa = PBXBuildFile; fileRef = 083138ED1CA49B9D0050D6BC /* LaunchScreen.storyboard */; };
		083138FA1CA49B9D0050D6BC /* SmartStoreTests.swift in Sources */ = {isa = PBXBuildFile; fileRef = 083138F91CA49B9D0050D6BC /* SmartStoreTests.swift */; };
		083139051CA49B9E0050D6BC /* SmartStoreUITests.swift in Sources */ = {isa = PBXBuildFile; fileRef = 083139041CA49B9E0050D6BC /* SmartStoreUITests.swift */; };
		083139131CA49D310050D6BC /* AllItemsViewController.swift in Sources */ = {isa = PBXBuildFile; fileRef = 083139121CA49D310050D6BC /* AllItemsViewController.swift */; };
		083139151CA49D450050D6BC /* AllCartsViewController.swift in Sources */ = {isa = PBXBuildFile; fileRef = 083139141CA49D450050D6BC /* AllCartsViewController.swift */; };
		083139171CA49F030050D6BC /* Item.swift in Sources */ = {isa = PBXBuildFile; fileRef = 083139161CA49F030050D6BC /* Item.swift */; };
		0831391D1CA4A3A30050D6BC /* ItemTableViewCell.swift in Sources */ = {isa = PBXBuildFile; fileRef = 0831391B1CA4A3A30050D6BC /* ItemTableViewCell.swift */; };
		0831391E1CA4A3A30050D6BC /* ItemTableViewCell.xib in Resources */ = {isa = PBXBuildFile; fileRef = 0831391C1CA4A3A30050D6BC /* ItemTableViewCell.xib */; };
		083139201CA4A8AB0050D6BC /* APIMethods.swift in Sources */ = {isa = PBXBuildFile; fileRef = 0831391F1CA4A8AB0050D6BC /* APIMethods.swift */; };
		083139221CA4A8F50050D6BC /* Alamofire-SwiftyJSON.swift in Sources */ = {isa = PBXBuildFile; fileRef = 083139211CA4A8F50050D6BC /* Alamofire-SwiftyJSON.swift */; };
		083139241CA4B2820050D6BC /* Cart.swift in Sources */ = {isa = PBXBuildFile; fileRef = 083139231CA4B2820050D6BC /* Cart.swift */; };
		083139281CA4B4990050D6BC /* CartTableViewCell.swift in Sources */ = {isa = PBXBuildFile; fileRef = 083139261CA4B4990050D6BC /* CartTableViewCell.swift */; };
		083139291CA4B4990050D6BC /* CartTableViewCell.xib in Resources */ = {isa = PBXBuildFile; fileRef = 083139271CA4B4990050D6BC /* CartTableViewCell.xib */; };
		0831392B1CA517F40050D6BC /* AddItemViewController.swift in Sources */ = {isa = PBXBuildFile; fileRef = 0831392A1CA517F40050D6BC /* AddItemViewController.swift */; };
		0831392E1CA5339C0050D6BC /* CartItemTableViewCell.swift in Sources */ = {isa = PBXBuildFile; fileRef = 0831392C1CA5339C0050D6BC /* CartItemTableViewCell.swift */; };
		0831392F1CA5339C0050D6BC /* CartItemTableViewCell.xib in Resources */ = {isa = PBXBuildFile; fileRef = 0831392D1CA5339C0050D6BC /* CartItemTableViewCell.xib */; };
		BAA1B48D51E98E4E4A869E95 /* Pods.framework in Frameworks */ = {isa = PBXBuildFile; fileRef = DC57E7D7DCDAD2FC4851E396 /* Pods.framework */; };
/* End PBXBuildFile section */

/* Begin PBXContainerItemProxy section */
		083138F61CA49B9D0050D6BC /* PBXContainerItemProxy */ = {
			isa = PBXContainerItemProxy;
			containerPortal = 083138D91CA49B9D0050D6BC /* Project object */;
			proxyType = 1;
			remoteGlobalIDString = 083138E01CA49B9D0050D6BC;
			remoteInfo = SmartStore;
		};
		083139011CA49B9D0050D6BC /* PBXContainerItemProxy */ = {
			isa = PBXContainerItemProxy;
			containerPortal = 083138D91CA49B9D0050D6BC /* Project object */;
			proxyType = 1;
			remoteGlobalIDString = 083138E01CA49B9D0050D6BC;
			remoteInfo = SmartStore;
		};
/* End PBXContainerItemProxy section */

/* Begin PBXFileReference section */
		083138E11CA49B9D0050D6BC /* SmartStore.app */ = {isa = PBXFileReference; explicitFileType = wrapper.application; includeInIndex = 0; path = SmartStore.app; sourceTree = BUILT_PRODUCTS_DIR; };
		083138E41CA49B9D0050D6BC /* AppDelegate.swift */ = {isa = PBXFileReference; lastKnownFileType = sourcecode.swift; path = AppDelegate.swift; sourceTree = "<group>"; };
		083138E61CA49B9D0050D6BC /* ViewController.swift */ = {isa = PBXFileReference; lastKnownFileType = sourcecode.swift; path = ViewController.swift; sourceTree = "<group>"; };
		083138E91CA49B9D0050D6BC /* Base */ = {isa = PBXFileReference; lastKnownFileType = file.storyboard; name = Base; path = Base.lproj/Main.storyboard; sourceTree = "<group>"; };
		083138EB1CA49B9D0050D6BC /* Assets.xcassets */ = {isa = PBXFileReference; lastKnownFileType = folder.assetcatalog; path = Assets.xcassets; sourceTree = "<group>"; };
		083138EE1CA49B9D0050D6BC /* Base */ = {isa = PBXFileReference; lastKnownFileType = file.storyboard; name = Base; path = Base.lproj/LaunchScreen.storyboard; sourceTree = "<group>"; };
		083138F01CA49B9D0050D6BC /* Info.plist */ = {isa = PBXFileReference; lastKnownFileType = text.plist.xml; path = Info.plist; sourceTree = "<group>"; };
		083138F51CA49B9D0050D6BC /* SmartStoreTests.xctest */ = {isa = PBXFileReference; explicitFileType = wrapper.cfbundle; includeInIndex = 0; path = SmartStoreTests.xctest; sourceTree = BUILT_PRODUCTS_DIR; };
		083138F91CA49B9D0050D6BC /* SmartStoreTests.swift */ = {isa = PBXFileReference; lastKnownFileType = sourcecode.swift; path = SmartStoreTests.swift; sourceTree = "<group>"; };
		083138FB1CA49B9D0050D6BC /* Info.plist */ = {isa = PBXFileReference; lastKnownFileType = text.plist.xml; path = Info.plist; sourceTree = "<group>"; };
		083139001CA49B9D0050D6BC /* SmartStoreUITests.xctest */ = {isa = PBXFileReference; explicitFileType = wrapper.cfbundle; includeInIndex = 0; path = SmartStoreUITests.xctest; sourceTree = BUILT_PRODUCTS_DIR; };
		083139041CA49B9E0050D6BC /* SmartStoreUITests.swift */ = {isa = PBXFileReference; lastKnownFileType = sourcecode.swift; path = SmartStoreUITests.swift; sourceTree = "<group>"; };
		083139061CA49B9E0050D6BC /* Info.plist */ = {isa = PBXFileReference; lastKnownFileType = text.plist.xml; path = Info.plist; sourceTree = "<group>"; };
		083139121CA49D310050D6BC /* AllItemsViewController.swift */ = {isa = PBXFileReference; fileEncoding = 4; lastKnownFileType = sourcecode.swift; path = AllItemsViewController.swift; sourceTree = "<group>"; };
		083139141CA49D450050D6BC /* AllCartsViewController.swift */ = {isa = PBXFileReference; fileEncoding = 4; lastKnownFileType = sourcecode.swift; path = AllCartsViewController.swift; sourceTree = "<group>"; };
		083139161CA49F030050D6BC /* Item.swift */ = {isa = PBXFileReference; fileEncoding = 4; lastKnownFileType = sourcecode.swift; path = Item.swift; sourceTree = "<group>"; };
		0831391B1CA4A3A30050D6BC /* ItemTableViewCell.swift */ = {isa = PBXFileReference; fileEncoding = 4; lastKnownFileType = sourcecode.swift; path = ItemTableViewCell.swift; sourceTree = "<group>"; };
		0831391C1CA4A3A30050D6BC /* ItemTableViewCell.xib */ = {isa = PBXFileReference; fileEncoding = 4; lastKnownFileType = file.xib; path = ItemTableViewCell.xib; sourceTree = "<group>"; };
		0831391F1CA4A8AB0050D6BC /* APIMethods.swift */ = {isa = PBXFileReference; fileEncoding = 4; lastKnownFileType = sourcecode.swift; path = APIMethods.swift; sourceTree = "<group>"; };
		083139211CA4A8F50050D6BC /* Alamofire-SwiftyJSON.swift */ = {isa = PBXFileReference; fileEncoding = 4; lastKnownFileType = sourcecode.swift; path = "Alamofire-SwiftyJSON.swift"; sourceTree = "<group>"; };
		083139231CA4B2820050D6BC /* Cart.swift */ = {isa = PBXFileReference; fileEncoding = 4; lastKnownFileType = sourcecode.swift; path = Cart.swift; sourceTree = "<group>"; };
		083139261CA4B4990050D6BC /* CartTableViewCell.swift */ = {isa = PBXFileReference; fileEncoding = 4; lastKnownFileType = sourcecode.swift; path = CartTableViewCell.swift; sourceTree = "<group>"; };
		083139271CA4B4990050D6BC /* CartTableViewCell.xib */ = {isa = PBXFileReference; fileEncoding = 4; lastKnownFileType = file.xib; path = CartTableViewCell.xib; sourceTree = "<group>"; };
		0831392A1CA517F40050D6BC /* AddItemViewController.swift */ = {isa = PBXFileReference; fileEncoding = 4; lastKnownFileType = sourcecode.swift; path = AddItemViewController.swift; sourceTree = "<group>"; };
		0831392C1CA5339C0050D6BC /* CartItemTableViewCell.swift */ = {isa = PBXFileReference; fileEncoding = 4; lastKnownFileType = sourcecode.swift; path = CartItemTableViewCell.swift; sourceTree = "<group>"; };
		0831392D1CA5339C0050D6BC /* CartItemTableViewCell.xib */ = {isa = PBXFileReference; fileEncoding = 4; lastKnownFileType = file.xib; path = CartItemTableViewCell.xib; sourceTree = "<group>"; };
		6449AD20977CD8E9704AC0FE /* Pods.release.xcconfig */ = {isa = PBXFileReference; includeInIndex = 1; lastKnownFileType = text.xcconfig; name = Pods.release.xcconfig; path = "Pods/Target Support Files/Pods/Pods.release.xcconfig"; sourceTree = "<group>"; };
		CE1E9A2925B41651F7E71844 /* Pods.debug.xcconfig */ = {isa = PBXFileReference; includeInIndex = 1; lastKnownFileType = text.xcconfig; name = Pods.debug.xcconfig; path = "Pods/Target Support Files/Pods/Pods.debug.xcconfig"; sourceTree = "<group>"; };
		DC57E7D7DCDAD2FC4851E396 /* Pods.framework */ = {isa = PBXFileReference; explicitFileType = wrapper.framework; includeInIndex = 0; path = Pods.framework; sourceTree = BUILT_PRODUCTS_DIR; };
/* End PBXFileReference section */

/* Begin PBXFrameworksBuildPhase section */
		083138DE1CA49B9D0050D6BC /* Frameworks */ = {
			isa = PBXFrameworksBuildPhase;
			buildActionMask = 2147483647;
			files = (
				BAA1B48D51E98E4E4A869E95 /* Pods.framework in Frameworks */,
			);
			runOnlyForDeploymentPostprocessing = 0;
		};
		083138F21CA49B9D0050D6BC /* Frameworks */ = {
			isa = PBXFrameworksBuildPhase;
			buildActionMask = 2147483647;
			files = (
			);
			runOnlyForDeploymentPostprocessing = 0;
		};
		083138FD1CA49B9D0050D6BC /* Frameworks */ = {
			isa = PBXFrameworksBuildPhase;
			buildActionMask = 2147483647;
			files = (
			);
			runOnlyForDeploymentPostprocessing = 0;
		};
/* End PBXFrameworksBuildPhase section */

/* Begin PBXGroup section */
		083138D81CA49B9D0050D6BC = {
			isa = PBXGroup;
			children = (
				083138E31CA49B9D0050D6BC /* SmartStore */,
				083138F81CA49B9D0050D6BC /* SmartStoreTests */,
				083139031CA49B9E0050D6BC /* SmartStoreUITests */,
				083138E21CA49B9D0050D6BC /* Products */,
				EEBF3B48F74B5568C4E6FD17 /* Pods */,
				CE32DE0AE31F05DCB6257D7E /* Frameworks */,
			);
			sourceTree = "<group>";
		};
		083138E21CA49B9D0050D6BC /* Products */ = {
			isa = PBXGroup;
			children = (
				083138E11CA49B9D0050D6BC /* SmartStore.app */,
				083138F51CA49B9D0050D6BC /* SmartStoreTests.xctest */,
				083139001CA49B9D0050D6BC /* SmartStoreUITests.xctest */,
			);
			name = Products;
			sourceTree = "<group>";
		};
		083138E31CA49B9D0050D6BC /* SmartStore */ = {
			isa = PBXGroup;
			children = (
				083138E41CA49B9D0050D6BC /* AppDelegate.swift */,
				083138E61CA49B9D0050D6BC /* ViewController.swift */,
				083138E81CA49B9D0050D6BC /* Main.storyboard */,
				083138EB1CA49B9D0050D6BC /* Assets.xcassets */,
				083138ED1CA49B9D0050D6BC /* LaunchScreen.storyboard */,
				083138F01CA49B9D0050D6BC /* Info.plist */,
				083139181CA4A3710050D6BC /* Items */,
				083139251CA4B44B0050D6BC /* Carts */,
				083139161CA49F030050D6BC /* Item.swift */,
				083139231CA4B2820050D6BC /* Cart.swift */,
				0831391F1CA4A8AB0050D6BC /* APIMethods.swift */,
				0831392A1CA517F40050D6BC /* AddItemViewController.swift */,
			);
			path = SmartStore;
			sourceTree = "<group>";
		};
		083138F81CA49B9D0050D6BC /* SmartStoreTests */ = {
			isa = PBXGroup;
			children = (
				083138F91CA49B9D0050D6BC /* SmartStoreTests.swift */,
				083138FB1CA49B9D0050D6BC /* Info.plist */,
			);
			path = SmartStoreTests;
			sourceTree = "<group>";
		};
		083139031CA49B9E0050D6BC /* SmartStoreUITests */ = {
			isa = PBXGroup;
			children = (
				083139041CA49B9E0050D6BC /* SmartStoreUITests.swift */,
				083139061CA49B9E0050D6BC /* Info.plist */,
			);
			path = SmartStoreUITests;
			sourceTree = "<group>";
		};
		083139181CA4A3710050D6BC /* Items */ = {
			isa = PBXGroup;
			children = (
				083139121CA49D310050D6BC /* AllItemsViewController.swift */,
				0831391B1CA4A3A30050D6BC /* ItemTableViewCell.swift */,
				0831391C1CA4A3A30050D6BC /* ItemTableViewCell.xib */,
			);
			name = Items;
			sourceTree = "<group>";
		};
		083139251CA4B44B0050D6BC /* Carts */ = {
			isa = PBXGroup;
			children = (
				083139141CA49D450050D6BC /* AllCartsViewController.swift */,
				083139261CA4B4990050D6BC /* CartTableViewCell.swift */,
				083139271CA4B4990050D6BC /* CartTableViewCell.xib */,
				0831392C1CA5339C0050D6BC /* CartItemTableViewCell.swift */,
				0831392D1CA5339C0050D6BC /* CartItemTableViewCell.xib */,
			);
			name = Carts;
			sourceTree = "<group>";
		};
		CE32DE0AE31F05DCB6257D7E /* Frameworks */ = {
			isa = PBXGroup;
			children = (
				DC57E7D7DCDAD2FC4851E396 /* Pods.framework */,
				083139211CA4A8F50050D6BC /* Alamofire-SwiftyJSON.swift */,
			);
			name = Frameworks;
			sourceTree = "<group>";
		};
		EEBF3B48F74B5568C4E6FD17 /* Pods */ = {
			isa = PBXGroup;
			children = (
				CE1E9A2925B41651F7E71844 /* Pods.debug.xcconfig */,
				6449AD20977CD8E9704AC0FE /* Pods.release.xcconfig */,
			);
			name = Pods;
			sourceTree = "<group>";
		};
/* End PBXGroup section */

/* Begin PBXNativeTarget section */
		083138E01CA49B9D0050D6BC /* SmartStore */ = {
			isa = PBXNativeTarget;
			buildConfigurationList = 083139091CA49B9E0050D6BC /* Build configuration list for PBXNativeTarget "SmartStore" */;
			buildPhases = (
				1DF59B3BE82F2EC8F735EF90 /* Check Pods Manifest.lock */,
				083138DD1CA49B9D0050D6BC /* Sources */,
				083138DE1CA49B9D0050D6BC /* Frameworks */,
				083138DF1CA49B9D0050D6BC /* Resources */,
				8E65CED4F32AD2B0C1FDB877 /* Embed Pods Frameworks */,
				8E71BAE87D0820C24F89DD15 /* Copy Pods Resources */,
			);
			buildRules = (
			);
			dependencies = (
			);
			name = SmartStore;
			productName = SmartStore;
			productReference = 083138E11CA49B9D0050D6BC /* SmartStore.app */;
			productType = "com.apple.product-type.application";
		};
		083138F41CA49B9D0050D6BC /* SmartStoreTests */ = {
			isa = PBXNativeTarget;
			buildConfigurationList = 0831390C1CA49B9E0050D6BC /* Build configuration list for PBXNativeTarget "SmartStoreTests" */;
			buildPhases = (
				083138F11CA49B9D0050D6BC /* Sources */,
				083138F21CA49B9D0050D6BC /* Frameworks */,
				083138F31CA49B9D0050D6BC /* Resources */,
			);
			buildRules = (
			);
			dependencies = (
				083138F71CA49B9D0050D6BC /* PBXTargetDependency */,
			);
			name = SmartStoreTests;
			productName = SmartStoreTests;
			productReference = 083138F51CA49B9D0050D6BC /* SmartStoreTests.xctest */;
			productType = "com.apple.product-type.bundle.unit-test";
		};
		083138FF1CA49B9D0050D6BC /* SmartStoreUITests */ = {
			isa = PBXNativeTarget;
			buildConfigurationList = 0831390F1CA49B9E0050D6BC /* Build configuration list for PBXNativeTarget "SmartStoreUITests" */;
			buildPhases = (
				083138FC1CA49B9D0050D6BC /* Sources */,
				083138FD1CA49B9D0050D6BC /* Frameworks */,
				083138FE1CA49B9D0050D6BC /* Resources */,
			);
			buildRules = (
			);
			dependencies = (
				083139021CA49B9D0050D6BC /* PBXTargetDependency */,
			);
			name = SmartStoreUITests;
			productName = SmartStoreUITests;
			productReference = 083139001CA49B9D0050D6BC /* SmartStoreUITests.xctest */;
			productType = "com.apple.product-type.bundle.ui-testing";
		};
/* End PBXNativeTarget section */

/* Begin PBXProject section */
		083138D91CA49B9D0050D6BC /* Project object */ = {
			isa = PBXProject;
			attributes = {
				LastSwiftUpdateCheck = 0730;
				LastUpgradeCheck = 0730;
				ORGANIZATIONNAME = Stepic;
				TargetAttributes = {
					083138E01CA49B9D0050D6BC = {
						CreatedOnToolsVersion = 7.3;
						DevelopmentTeam = 4562ZPB9BG;
					};
					083138F41CA49B9D0050D6BC = {
						CreatedOnToolsVersion = 7.3;
						TestTargetID = 083138E01CA49B9D0050D6BC;
					};
					083138FF1CA49B9D0050D6BC = {
						CreatedOnToolsVersion = 7.3;
						TestTargetID = 083138E01CA49B9D0050D6BC;
					};
				};
			};
			buildConfigurationList = 083138DC1CA49B9D0050D6BC /* Build configuration list for PBXProject "SmartStore" */;
			compatibilityVersion = "Xcode 3.2";
			developmentRegion = English;
			hasScannedForEncodings = 0;
			knownRegions = (
				en,
				Base,
			);
			mainGroup = 083138D81CA49B9D0050D6BC;
			productRefGroup = 083138E21CA49B9D0050D6BC /* Products */;
			projectDirPath = "";
			projectRoot = "";
			targets = (
				083138E01CA49B9D0050D6BC /* SmartStore */,
				083138F41CA49B9D0050D6BC /* SmartStoreTests */,
				083138FF1CA49B9D0050D6BC /* SmartStoreUITests */,
			);
		};
/* End PBXProject section */

/* Begin PBXResourcesBuildPhase section */
		083138DF1CA49B9D0050D6BC /* Resources */ = {
			isa = PBXResourcesBuildPhase;
			buildActionMask = 2147483647;
			files = (
				083139291CA4B4990050D6BC /* CartTableViewCell.xib in Resources */,
				0831391E1CA4A3A30050D6BC /* ItemTableViewCell.xib in Resources */,
				083138EF1CA49B9D0050D6BC /* LaunchScreen.storyboard in Resources */,
				083138EC1CA49B9D0050D6BC /* Assets.xcassets in Resources */,
				0831392F1CA5339C0050D6BC /* CartItemTableViewCell.xib in Resources */,
				083138EA1CA49B9D0050D6BC /* Main.storyboard in Resources */,
			);
			runOnlyForDeploymentPostprocessing = 0;
		};
		083138F31CA49B9D0050D6BC /* Resources */ = {
			isa = PBXResourcesBuildPhase;
			buildActionMask = 2147483647;
			files = (
			);
			runOnlyForDeploymentPostprocessing = 0;
		};
		083138FE1CA49B9D0050D6BC /* Resources */ = {
			isa = PBXResourcesBuildPhase;
			buildActionMask = 2147483647;
			files = (
			);
			runOnlyForDeploymentPostprocessing = 0;
		};
/* End PBXResourcesBuildPhase section */

/* Begin PBXShellScriptBuildPhase section */
		1DF59B3BE82F2EC8F735EF90 /* Check Pods Manifest.lock */ = {
			isa = PBXShellScriptBuildPhase;
			buildActionMask = 2147483647;
			files = (
			);
			inputPaths = (
			);
			name = "Check Pods Manifest.lock";
			outputPaths = (
			);
			runOnlyForDeploymentPostprocessing = 0;
			shellPath = /bin/sh;
			shellScript = "diff \"${PODS_ROOT}/../Podfile.lock\" \"${PODS_ROOT}/Manifest.lock\" > /dev/null\nif [[ $? != 0 ]] ; then\n    cat << EOM\nerror: The sandbox is not in sync with the Podfile.lock. Run 'pod install' or update your CocoaPods installation.\nEOM\n    exit 1\nfi\n";
			showEnvVarsInLog = 0;
		};
		8E65CED4F32AD2B0C1FDB877 /* Embed Pods Frameworks */ = {
			isa = PBXShellScriptBuildPhase;
			buildActionMask = 2147483647;
			files = (
			);
			inputPaths = (
			);
			name = "Embed Pods Frameworks";
			outputPaths = (
			);
			runOnlyForDeploymentPostprocessing = 0;
			shellPath = /bin/sh;
			shellScript = "\"${SRCROOT}/Pods/Target Support Files/Pods/Pods-frameworks.sh\"\n";
			showEnvVarsInLog = 0;
		};
		8E71BAE87D0820C24F89DD15 /* Copy Pods Resources */ = {
			isa = PBXShellScriptBuildPhase;
			buildActionMask = 2147483647;
			files = (
			);
			inputPaths = (
			);
			name = "Copy Pods Resources";
			outputPaths = (
			);
			runOnlyForDeploymentPostprocessing = 0;
			shellPath = /bin/sh;
			shellScript = "\"${SRCROOT}/Pods/Target Support Files/Pods/Pods-resources.sh\"\n";
			showEnvVarsInLog = 0;
		};
/* End PBXShellScriptBuildPhase section */

/* Begin PBXSourcesBuildPhase section */
		083138DD1CA49B9D0050D6BC /* Sources */ = {
			isa = PBXSourcesBuildPhase;
			buildActionMask = 2147483647;
			files = (
				083139171CA49F030050D6BC /* Item.swift in Sources */,
				083139241CA4B2820050D6BC /* Cart.swift in Sources */,
				0831392E1CA5339C0050D6BC /* CartItemTableViewCell.swift in Sources */,
				083139151CA49D450050D6BC /* AllCartsViewController.swift in Sources */,
				083139221CA4A8F50050D6BC /* Alamofire-SwiftyJSON.swift in Sources */,
				083138E71CA49B9D0050D6BC /* ViewController.swift in Sources */,
				083138E51CA49B9D0050D6BC /* AppDelegate.swift in Sources */,
				0831391D1CA4A3A30050D6BC /* ItemTableViewCell.swift in Sources */,
				083139281CA4B4990050D6BC /* CartTableViewCell.swift in Sources */,
				083139201CA4A8AB0050D6BC /* APIMethods.swift in Sources */,
				083139131CA49D310050D6BC /* AllItemsViewController.swift in Sources */,
				0831392B1CA517F40050D6BC /* AddItemViewController.swift in Sources */,
			);
			runOnlyForDeploymentPostprocessing = 0;
		};
		083138F11CA49B9D0050D6BC /* Sources */ = {
			isa = PBXSourcesBuildPhase;
			buildActionMask = 2147483647;
			files = (
				083138FA1CA49B9D0050D6BC /* SmartStoreTests.swift in Sources */,
			);
			runOnlyForDeploymentPostprocessing = 0;
		};
		083138FC1CA49B9D0050D6BC /* Sources */ = {
			isa = PBXSourcesBuildPhase;
			buildActionMask = 2147483647;
			files = (
				083139051CA49B9E0050D6BC /* SmartStoreUITests.swift in Sources */,
			);
			runOnlyForDeploymentPostprocessing = 0;
		};
/* End PBXSourcesBuildPhase section */

/* Begin PBXTargetDependency section */
		083138F71CA49B9D0050D6BC /* PBXTargetDependency */ = {
			isa = PBXTargetDependency;
			target = 083138E01CA49B9D0050D6BC /* SmartStore */;
			targetProxy = 083138F61CA49B9D0050D6BC /* PBXContainerItemProxy */;
		};
		083139021CA49B9D0050D6BC /* PBXTargetDependency */ = {
			isa = PBXTargetDependency;
			target = 083138E01CA49B9D0050D6BC /* SmartStore */;
			targetProxy = 083139011CA49B9D0050D6BC /* PBXContainerItemProxy */;
		};
/* End PBXTargetDependency section */

/* Begin PBXVariantGroup section */
		083138E81CA49B9D0050D6BC /* Main.storyboard */ = {
			isa = PBXVariantGroup;
			children = (
				083138E91CA49B9D0050D6BC /* Base */,
			);
			name = Main.storyboard;
			sourceTree = "<group>";
		};
		083138ED1CA49B9D0050D6BC /* LaunchScreen.storyboard */ = {
			isa = PBXVariantGroup;
			children = (
				083138EE1CA49B9D0050D6BC /* Base */,
			);
			name = LaunchScreen.storyboard;
			sourceTree = "<group>";
		};
/* End PBXVariantGroup section */

/* Begin XCBuildConfiguration section */
		083139071CA49B9E0050D6BC /* Debug */ = {
			isa = XCBuildConfiguration;
			buildSettings = {
				ALWAYS_SEARCH_USER_PATHS = NO;
				CLANG_ANALYZER_NONNULL = YES;
				CLANG_CXX_LANGUAGE_STANDARD = "gnu++0x";
				CLANG_CXX_LIBRARY = "libc++";
				CLANG_ENABLE_MODULES = YES;
				CLANG_ENABLE_OBJC_ARC = YES;
				CLANG_WARN_BOOL_CONVERSION = YES;
				CLANG_WARN_CONSTANT_CONVERSION = YES;
				CLANG_WARN_DIRECT_OBJC_ISA_USAGE = YES_ERROR;
				CLANG_WARN_EMPTY_BODY = YES;
				CLANG_WARN_ENUM_CONVERSION = YES;
				CLANG_WARN_INT_CONVERSION = YES;
				CLANG_WARN_OBJC_ROOT_CLASS = YES_ERROR;
				CLANG_WARN_UNREACHABLE_CODE = YES;
				CLANG_WARN__DUPLICATE_METHOD_MATCH = YES;
				"CODE_SIGN_IDENTITY[sdk=iphoneos*]" = "iPhone Developer";
				COPY_PHASE_STRIP = NO;
				DEBUG_INFORMATION_FORMAT = dwarf;
				ENABLE_STRICT_OBJC_MSGSEND = YES;
				ENABLE_TESTABILITY = YES;
				GCC_C_LANGUAGE_STANDARD = gnu99;
				GCC_DYNAMIC_NO_PIC = NO;
				GCC_NO_COMMON_BLOCKS = YES;
				GCC_OPTIMIZATION_LEVEL = 0;
				GCC_PREPROCESSOR_DEFINITIONS = (
					"DEBUG=1",
					"$(inherited)",
				);
				GCC_WARN_64_TO_32_BIT_CONVERSION = YES;
				GCC_WARN_ABOUT_RETURN_TYPE = YES_ERROR;
				GCC_WARN_UNDECLARED_SELECTOR = YES;
				GCC_WARN_UNINITIALIZED_AUTOS = YES_AGGRESSIVE;
				GCC_WARN_UNUSED_FUNCTION = YES;
				GCC_WARN_UNUSED_VARIABLE = YES;
				IPHONEOS_DEPLOYMENT_TARGET = 9.3;
				MTL_ENABLE_DEBUG_INFO = YES;
				ONLY_ACTIVE_ARCH = YES;
				SDKROOT = iphoneos;
				SWIFT_OPTIMIZATION_LEVEL = "-Onone";
				TARGETED_DEVICE_FAMILY = "1,2";
			};
			name = Debug;
		};
		083139081CA49B9E0050D6BC /* Release */ = {
			isa = XCBuildConfiguration;
			buildSettings = {
				ALWAYS_SEARCH_USER_PATHS = NO;
				CLANG_ANALYZER_NONNULL = YES;
				CLANG_CXX_LANGUAGE_STANDARD = "gnu++0x";
				CLANG_CXX_LIBRARY = "libc++";
				CLANG_ENABLE_MODULES = YES;
				CLANG_ENABLE_OBJC_ARC = YES;
				CLANG_WARN_BOOL_CONVERSION = YES;
				CLANG_WARN_CONSTANT_CONVERSION = YES;
				CLANG_WARN_DIRECT_OBJC_ISA_USAGE = YES_ERROR;
				CLANG_WARN_EMPTY_BODY = YES;
				CLANG_WARN_ENUM_CONVERSION = YES;
				CLANG_WARN_INT_CONVERSION = YES;
				CLANG_WARN_OBJC_ROOT_CLASS = YES_ERROR;
				CLANG_WARN_UNREACHABLE_CODE = YES;
				CLANG_WARN__DUPLICATE_METHOD_MATCH = YES;
				"CODE_SIGN_IDENTITY[sdk=iphoneos*]" = "iPhone Developer";
				COPY_PHASE_STRIP = NO;
				DEBUG_INFORMATION_FORMAT = "dwarf-with-dsym";
				ENABLE_NS_ASSERTIONS = NO;
				ENABLE_STRICT_OBJC_MSGSEND = YES;
				GCC_C_LANGUAGE_STANDARD = gnu99;
				GCC_NO_COMMON_BLOCKS = YES;
				GCC_WARN_64_TO_32_BIT_CONVERSION = YES;
				GCC_WARN_ABOUT_RETURN_TYPE = YES_ERROR;
				GCC_WARN_UNDECLARED_SELECTOR = YES;
				GCC_WARN_UNINITIALIZED_AUTOS = YES_AGGRESSIVE;
				GCC_WARN_UNUSED_FUNCTION = YES;
				GCC_WARN_UNUSED_VARIABLE = YES;
				IPHONEOS_DEPLOYMENT_TARGET = 9.3;
				MTL_ENABLE_DEBUG_INFO = NO;
				SDKROOT = iphoneos;
				TARGETED_DEVICE_FAMILY = "1,2";
				VALIDATE_PRODUCT = YES;
			};
			name = Release;
		};
		0831390A1CA49B9E0050D6BC /* Debug */ = {
			isa = XCBuildConfiguration;
			baseConfigurationReference = CE1E9A2925B41651F7E71844 /* Pods.debug.xcconfig */;
			buildSettings = {
				ASSETCATALOG_COMPILER_APPICON_NAME = "AppIcon-1";
				CODE_SIGN_IDENTITY = "iPhone Developer";
				INFOPLIST_FILE = SmartStore/Info.plist;
				IPHONEOS_DEPLOYMENT_TARGET = 9.3;
				LD_RUNPATH_SEARCH_PATHS = "$(inherited) @executable_path/Frameworks";
				PRODUCT_BUNDLE_IDENTIFIER = com.AlexKarpov.SmartStore;
				PRODUCT_NAME = "$(TARGET_NAME)";
			};
			name = Debug;
		};
		0831390B1CA49B9E0050D6BC /* Release */ = {
			isa = XCBuildConfiguration;
			baseConfigurationReference = 6449AD20977CD8E9704AC0FE /* Pods.release.xcconfig */;
			buildSettings = {
				ASSETCATALOG_COMPILER_APPICON_NAME = "AppIcon-1";
				CODE_SIGN_IDENTITY = "iPhone Developer";
				INFOPLIST_FILE = SmartStore/Info.plist;
				IPHONEOS_DEPLOYMENT_TARGET = 9.3;
				LD_RUNPATH_SEARCH_PATHS = "$(inherited) @executable_path/Frameworks";
				PRODUCT_BUNDLE_IDENTIFIER = com.AlexKarpov.SmartStore;
				PRODUCT_NAME = "$(TARGET_NAME)";
			};
			name = Release;
		};
		0831390D1CA49B9E0050D6BC /* Debug */ = {
			isa = XCBuildConfiguration;
			buildSettings = {
				BUNDLE_LOADER = "$(TEST_HOST)";
				INFOPLIST_FILE = SmartStoreTests/Info.plist;
				LD_RUNPATH_SEARCH_PATHS = "$(inherited) @executable_path/Frameworks @loader_path/Frameworks";
				PRODUCT_BUNDLE_IDENTIFIER = com.AlexKarpov.SmartStoreTests;
				PRODUCT_NAME = "$(TARGET_NAME)";
				TEST_HOST = "$(BUILT_PRODUCTS_DIR)/SmartStore.app/SmartStore";
			};
			name = Debug;
		};
		0831390E1CA49B9E0050D6BC /* Release */ = {
			isa = XCBuildConfiguration;
			buildSettings = {
				BUNDLE_LOADER = "$(TEST_HOST)";
				INFOPLIST_FILE = SmartStoreTests/Info.plist;
				LD_RUNPATH_SEARCH_PATHS = "$(inherited) @executable_path/Frameworks @loader_path/Frameworks";
				PRODUCT_BUNDLE_IDENTIFIER = com.AlexKarpov.SmartStoreTests;
				PRODUCT_NAME = "$(TARGET_NAME)";
				TEST_HOST = "$(BUILT_PRODUCTS_DIR)/SmartStore.app/SmartStore";
			};
			name = Release;
		};
		083139101CA49B9E0050D6BC /* Debug */ = {
			isa = XCBuildConfiguration;
			buildSettings = {
				INFOPLIST_FILE = SmartStoreUITests/Info.plist;
				LD_RUNPATH_SEARCH_PATHS = "$(inherited) @executable_path/Frameworks @loader_path/Frameworks";
				PRODUCT_BUNDLE_IDENTIFIER = com.AlexKarpov.SmartStoreUITests;
				PRODUCT_NAME = "$(TARGET_NAME)";
				TEST_TARGET_NAME = SmartStore;
			};
			name = Debug;
		};
		083139111CA49B9E0050D6BC /* Release */ = {
			isa = XCBuildConfiguration;
			buildSettings = {
				INFOPLIST_FILE = SmartStoreUITests/Info.plist;
				LD_RUNPATH_SEARCH_PATHS = "$(inherited) @executable_path/Frameworks @loader_path/Frameworks";
				PRODUCT_BUNDLE_IDENTIFIER = com.AlexKarpov.SmartStoreUITests;
				PRODUCT_NAME = "$(TARGET_NAME)";
				TEST_TARGET_NAME = SmartStore;
			};
			name = Release;
		};
/* End XCBuildConfiguration section */

/* Begin XCConfigurationList section */
		083138DC1CA49B9D0050D6BC /* Build configuration list for PBXProject "SmartStore" */ = {
			isa = XCConfigurationList;
			buildConfigurations = (
				083139071CA49B9E0050D6BC /* Debug */,
				083139081CA49B9E0050D6BC /* Release */,
			);
			defaultConfigurationIsVisible = 0;
			defaultConfigurationName = Release;
		};
		083139091CA49B9E0050D6BC /* Build configuration list for PBXNativeTarget "SmartStore" */ = {
			isa = XCConfigurationList;
			buildConfigurations = (
				0831390A1CA49B9E0050D6BC /* Debug */,
				0831390B1CA49B9E0050D6BC /* Release */,
			);
			defaultConfigurationIsVisible = 0;
			defaultConfigurationName = Release;
		};
		0831390C1CA49B9E0050D6BC /* Build configuration list for PBXNativeTarget "SmartStoreTests" */ = {
			isa = XCConfigurationList;
			buildConfigurations = (
				0831390D1CA49B9E0050D6BC /* Debug */,
				0831390E1CA49B9E0050D6BC /* Release */,
			);
			defaultConfigurationIsVisible = 0;
			defaultConfigurationName = Release;
		};
		0831390F1CA49B9E0050D6BC /* Build configuration list for PBXNativeTarget "SmartStoreUITests" */ = {
			isa = XCConfigurationList;
			buildConfigurations = (
				083139101CA49B9E0050D6BC /* Debug */,
				083139111CA49B9E0050D6BC /* Release */,
			);
			defaultConfigurationIsVisible = 0;
			defaultConfigurationName = Release;
		};
/* End XCConfigurationList section */
	};
	rootObject = 083138D91CA49B9D0050D6BC /* Project object */;
}
